// !$*UTF8*$!
{
	archiveVersion = 1;
	classes = {
	};
	objectVersion = 46;
	objects = {

/* Begin PBXBuildFile section */
		7D76563F1CB333C000A7279B /* AppDelegate.swift in Sources */ = {isa = PBXBuildFile; fileRef = 7D76563E1CB333C000A7279B /* AppDelegate.swift */; };
		7D7656411CB333C000A7279B /* ViewController.swift in Sources */ = {isa = PBXBuildFile; fileRef = 7D7656401CB333C000A7279B /* ViewController.swift */; };
		7D7656441CB333C000A7279B /* Main.storyboard in Resources */ = {isa = PBXBuildFile; fileRef = 7D7656421CB333C000A7279B /* Main.storyboard */; };
		7D7656461CB333C000A7279B /* Assets.xcassets in Resources */ = {isa = PBXBuildFile; fileRef = 7D7656451CB333C000A7279B /* Assets.xcassets */; };
		7D7656491CB333C000A7279B /* LaunchScreen.storyboard in Resources */ = {isa = PBXBuildFile; fileRef = 7D7656471CB333C000A7279B /* LaunchScreen.storyboard */; };
		7D7656541CB333C000A7279B /* Virtual_TouristTests.swift in Sources */ = {isa = PBXBuildFile; fileRef = 7D7656531CB333C000A7279B /* Virtual_TouristTests.swift */; };
		7D76565F1CB333C000A7279B /* Virtual_TouristUITests.swift in Sources */ = {isa = PBXBuildFile; fileRef = 7D76565E1CB333C000A7279B /* Virtual_TouristUITests.swift */; };
		7D76566D1CBAEF8100A7279B /* CoreDataStackManager.swift in Sources */ = {isa = PBXBuildFile; fileRef = 7D76566C1CBAEF8100A7279B /* CoreDataStackManager.swift */; };
		7D7656701CBAF3F000A7279B /* Pin.swift in Sources */ = {isa = PBXBuildFile; fileRef = 7D76566F1CBAF3F000A7279B /* Pin.swift */; };
		7D7656731CBAF55E00A7279B /* Model.xcdatamodeld in Sources */ = {isa = PBXBuildFile; fileRef = 7D7656711CBAF55E00A7279B /* Model.xcdatamodeld */; };
		7D7656771CBC45E600A7279B /* FlickrClient.swift in Sources */ = {isa = PBXBuildFile; fileRef = 7D7656761CBC45E600A7279B /* FlickrClient.swift */; };
		7D7656791CBC45F500A7279B /* FlickrConstants.swift in Sources */ = {isa = PBXBuildFile; fileRef = 7D7656781CBC45F500A7279B /* FlickrConstants.swift */; };
		7D76567B1CBC643400A7279B /* PhotoAlbumViewController.swift in Sources */ = {isa = PBXBuildFile; fileRef = 7D76567A1CBC643400A7279B /* PhotoAlbumViewController.swift */; };
		7D76567F1CBC797900A7279B /* Photo.swift in Sources */ = {isa = PBXBuildFile; fileRef = 7D76567E1CBC797900A7279B /* Photo.swift */; };
		7D7656811CBC7A7000A7279B /* PhotoCollectionViewCell.swift in Sources */ = {isa = PBXBuildFile; fileRef = 7D7656801CBC7A7000A7279B /* PhotoCollectionViewCell.swift */; };
		7DEE29721CC5D048004F7062 /* ImageStore.swift in Sources */ = {isa = PBXBuildFile; fileRef = 7DEE29711CC5D048004F7062 /* ImageStore.swift */; };
/* End PBXBuildFile section */

/* Begin PBXContainerItemProxy section */
		7D7656501CB333C000A7279B /* PBXContainerItemProxy */ = {
			isa = PBXContainerItemProxy;
			containerPortal = 7D7656331CB333C000A7279B /* Project object */;
			proxyType = 1;
			remoteGlobalIDString = 7D76563A1CB333C000A7279B;
			remoteInfo = "Virtual Tourist";
		};
		7D76565B1CB333C000A7279B /* PBXContainerItemProxy */ = {
			isa = PBXContainerItemProxy;
			containerPortal = 7D7656331CB333C000A7279B /* Project object */;
			proxyType = 1;
			remoteGlobalIDString = 7D76563A1CB333C000A7279B;
			remoteInfo = "Virtual Tourist";
		};
/* End PBXContainerItemProxy section */

/* Begin PBXFileReference section */
		7D76563B1CB333C000A7279B /* Virtual Tourist.app */ = {isa = PBXFileReference; explicitFileType = wrapper.application; includeInIndex = 0; path = "Virtual Tourist.app"; sourceTree = BUILT_PRODUCTS_DIR; };
		7D76563E1CB333C000A7279B /* AppDelegate.swift */ = {isa = PBXFileReference; lastKnownFileType = sourcecode.swift; path = AppDelegate.swift; sourceTree = "<group>"; };
		7D7656401CB333C000A7279B /* ViewController.swift */ = {isa = PBXFileReference; lastKnownFileType = sourcecode.swift; path = ViewController.swift; sourceTree = "<group>"; };
		7D7656431CB333C000A7279B /* Base */ = {isa = PBXFileReference; lastKnownFileType = file.storyboard; name = Base; path = Base.lproj/Main.storyboard; sourceTree = "<group>"; };
		7D7656451CB333C000A7279B /* Assets.xcassets */ = {isa = PBXFileReference; lastKnownFileType = folder.assetcatalog; path = Assets.xcassets; sourceTree = "<group>"; };
		7D7656481CB333C000A7279B /* Base */ = {isa = PBXFileReference; lastKnownFileType = file.storyboard; name = Base; path = Base.lproj/LaunchScreen.storyboard; sourceTree = "<group>"; };
		7D76564A1CB333C000A7279B /* Info.plist */ = {isa = PBXFileReference; lastKnownFileType = text.plist.xml; path = Info.plist; sourceTree = "<group>"; };
		7D76564F1CB333C000A7279B /* Virtual TouristTests.xctest */ = {isa = PBXFileReference; explicitFileType = wrapper.cfbundle; includeInIndex = 0; path = "Virtual TouristTests.xctest"; sourceTree = BUILT_PRODUCTS_DIR; };
		7D7656531CB333C000A7279B /* Virtual_TouristTests.swift */ = {isa = PBXFileReference; lastKnownFileType = sourcecode.swift; path = Virtual_TouristTests.swift; sourceTree = "<group>"; };
		7D7656551CB333C000A7279B /* Info.plist */ = {isa = PBXFileReference; lastKnownFileType = text.plist.xml; path = Info.plist; sourceTree = "<group>"; };
		7D76565A1CB333C000A7279B /* Virtual TouristUITests.xctest */ = {isa = PBXFileReference; explicitFileType = wrapper.cfbundle; includeInIndex = 0; path = "Virtual TouristUITests.xctest"; sourceTree = BUILT_PRODUCTS_DIR; };
		7D76565E1CB333C000A7279B /* Virtual_TouristUITests.swift */ = {isa = PBXFileReference; lastKnownFileType = sourcecode.swift; path = Virtual_TouristUITests.swift; sourceTree = "<group>"; };
		7D7656601CB333C000A7279B /* Info.plist */ = {isa = PBXFileReference; lastKnownFileType = text.plist.xml; path = Info.plist; sourceTree = "<group>"; };
		7D76566C1CBAEF8100A7279B /* CoreDataStackManager.swift */ = {isa = PBXFileReference; fileEncoding = 4; lastKnownFileType = sourcecode.swift; path = CoreDataStackManager.swift; sourceTree = "<group>"; };
		7D76566F1CBAF3F000A7279B /* Pin.swift */ = {isa = PBXFileReference; fileEncoding = 4; lastKnownFileType = sourcecode.swift; path = Pin.swift; sourceTree = "<group>"; };
		7D7656721CBAF55E00A7279B /* Model.xcdatamodel */ = {isa = PBXFileReference; lastKnownFileType = wrapper.xcdatamodel; path = Model.xcdatamodel; sourceTree = "<group>"; };
		7D7656761CBC45E600A7279B /* FlickrClient.swift */ = {isa = PBXFileReference; fileEncoding = 4; lastKnownFileType = sourcecode.swift; path = FlickrClient.swift; sourceTree = "<group>"; };
		7D7656781CBC45F500A7279B /* FlickrConstants.swift */ = {isa = PBXFileReference; fileEncoding = 4; lastKnownFileType = sourcecode.swift; path = FlickrConstants.swift; sourceTree = "<group>"; };
		7D76567A1CBC643400A7279B /* PhotoAlbumViewController.swift */ = {isa = PBXFileReference; fileEncoding = 4; lastKnownFileType = sourcecode.swift; path = PhotoAlbumViewController.swift; sourceTree = "<group>"; };
		7D76567E1CBC797900A7279B /* Photo.swift */ = {isa = PBXFileReference; fileEncoding = 4; lastKnownFileType = sourcecode.swift; path = Photo.swift; sourceTree = "<group>"; };
		7D7656801CBC7A7000A7279B /* PhotoCollectionViewCell.swift */ = {isa = PBXFileReference; fileEncoding = 4; lastKnownFileType = sourcecode.swift; path = PhotoCollectionViewCell.swift; sourceTree = "<group>"; };
		7DEE29711CC5D048004F7062 /* ImageStore.swift */ = {isa = PBXFileReference; fileEncoding = 4; lastKnownFileType = sourcecode.swift; path = ImageStore.swift; sourceTree = "<group>"; };
/* End PBXFileReference section */

/* Begin PBXFrameworksBuildPhase section */
		7D7656381CB333C000A7279B /* Frameworks */ = {
			isa = PBXFrameworksBuildPhase;
			buildActionMask = 2147483647;
			files = (
			);
			runOnlyForDeploymentPostprocessing = 0;
		};
		7D76564C1CB333C000A7279B /* Frameworks */ = {
			isa = PBXFrameworksBuildPhase;
			buildActionMask = 2147483647;
			files = (
			);
			runOnlyForDeploymentPostprocessing = 0;
		};
		7D7656571CB333C000A7279B /* Frameworks */ = {
			isa = PBXFrameworksBuildPhase;
			buildActionMask = 2147483647;
			files = (
			);
			runOnlyForDeploymentPostprocessing = 0;
		};
/* End PBXFrameworksBuildPhase section */

/* Begin PBXGroup section */
		7D7656321CB333C000A7279B = {
			isa = PBXGroup;
			children = (
				7D76563D1CB333C000A7279B /* Virtual Tourist */,
				7D7656521CB333C000A7279B /* Virtual TouristTests */,
				7D76565D1CB333C000A7279B /* Virtual TouristUITests */,
				7D76563C1CB333C000A7279B /* Products */,
			);
			sourceTree = "<group>";
		};
		7D76563C1CB333C000A7279B /* Products */ = {
			isa = PBXGroup;
			children = (
				7D76563B1CB333C000A7279B /* Virtual Tourist.app */,
				7D76564F1CB333C000A7279B /* Virtual TouristTests.xctest */,
				7D76565A1CB333C000A7279B /* Virtual TouristUITests.xctest */,
			);
			name = Products;
			sourceTree = "<group>";
		};
		7D76563D1CB333C000A7279B /* Virtual Tourist */ = {
			isa = PBXGroup;
			children = (
				7D76563E1CB333C000A7279B /* AppDelegate.swift */,
				7DEE29711CC5D048004F7062 /* ImageStore.swift */,
				7D7656401CB333C000A7279B /* ViewController.swift */,
				7D76567A1CBC643400A7279B /* PhotoAlbumViewController.swift */,
				7D7656801CBC7A7000A7279B /* PhotoCollectionViewCell.swift */,
				7D76566C1CBAEF8100A7279B /* CoreDataStackManager.swift */,
				7D7656421CB333C000A7279B /* Main.storyboard */,
				7D76566E1CBAF3DA00A7279B /* Model */,
				7D7656451CB333C000A7279B /* Assets.xcassets */,
				7D7656471CB333C000A7279B /* LaunchScreen.storyboard */,
				7D76564A1CB333C000A7279B /* Info.plist */,
			);
			path = "Virtual Tourist";
			sourceTree = "<group>";
		};
		7D7656521CB333C000A7279B /* Virtual TouristTests */ = {
			isa = PBXGroup;
			children = (
				7D7656531CB333C000A7279B /* Virtual_TouristTests.swift */,
				7D7656551CB333C000A7279B /* Info.plist */,
			);
			path = "Virtual TouristTests";
			sourceTree = "<group>";
		};
		7D76565D1CB333C000A7279B /* Virtual TouristUITests */ = {
			isa = PBXGroup;
			children = (
				7D76565E1CB333C000A7279B /* Virtual_TouristUITests.swift */,
				7D7656601CB333C000A7279B /* Info.plist */,
			);
			path = "Virtual TouristUITests";
			sourceTree = "<group>";
		};
		7D76566E1CBAF3DA00A7279B /* Model */ = {
			isa = PBXGroup;
			children = (
				7D7656741CBC45AF00A7279B /* Clients */,
				7D76566F1CBAF3F000A7279B /* Pin.swift */,
				7D76567E1CBC797900A7279B /* Photo.swift */,
				7D7656711CBAF55E00A7279B /* Model.xcdatamodeld */,
			);
			name = Model;
			sourceTree = "<group>";
		};
		7D7656741CBC45AF00A7279B /* Clients */ = {
			isa = PBXGroup;
			children = (
				7D7656751CBC45C100A7279B /* Flickr */,
			);
			name = Clients;
			sourceTree = "<group>";
		};
		7D7656751CBC45C100A7279B /* Flickr */ = {
			isa = PBXGroup;
			children = (
				7D7656761CBC45E600A7279B /* FlickrClient.swift */,
				7D7656781CBC45F500A7279B /* FlickrConstants.swift */,
			);
			name = Flickr;
			sourceTree = "<group>";
		};
/* End PBXGroup section */

/* Begin PBXNativeTarget section */
		7D76563A1CB333C000A7279B /* Virtual Tourist */ = {
			isa = PBXNativeTarget;
			buildConfigurationList = 7D7656631CB333C000A7279B /* Build configuration list for PBXNativeTarget "Virtual Tourist" */;
			buildPhases = (
				7D7656371CB333C000A7279B /* Sources */,
				7D7656381CB333C000A7279B /* Frameworks */,
				7D7656391CB333C000A7279B /* Resources */,
			);
			buildRules = (
			);
			dependencies = (
			);
			name = "Virtual Tourist";
			productName = "Virtual Tourist";
			productReference = 7D76563B1CB333C000A7279B /* Virtual Tourist.app */;
			productType = "com.apple.product-type.application";
		};
		7D76564E1CB333C000A7279B /* Virtual TouristTests */ = {
			isa = PBXNativeTarget;
			buildConfigurationList = 7D7656661CB333C000A7279B /* Build configuration list for PBXNativeTarget "Virtual TouristTests" */;
			buildPhases = (
				7D76564B1CB333C000A7279B /* Sources */,
				7D76564C1CB333C000A7279B /* Frameworks */,
				7D76564D1CB333C000A7279B /* Resources */,
			);
			buildRules = (
			);
			dependencies = (
				7D7656511CB333C000A7279B /* PBXTargetDependency */,
			);
			name = "Virtual TouristTests";
			productName = "Virtual TouristTests";
			productReference = 7D76564F1CB333C000A7279B /* Virtual TouristTests.xctest */;
			productType = "com.apple.product-type.bundle.unit-test";
		};
		7D7656591CB333C000A7279B /* Virtual TouristUITests */ = {
			isa = PBXNativeTarget;
			buildConfigurationList = 7D7656691CB333C000A7279B /* Build configuration list for PBXNativeTarget "Virtual TouristUITests" */;
			buildPhases = (
				7D7656561CB333C000A7279B /* Sources */,
				7D7656571CB333C000A7279B /* Frameworks */,
				7D7656581CB333C000A7279B /* Resources */,
			);
			buildRules = (
			);
			dependencies = (
				7D76565C1CB333C000A7279B /* PBXTargetDependency */,
			);
			name = "Virtual TouristUITests";
			productName = "Virtual TouristUITests";
			productReference = 7D76565A1CB333C000A7279B /* Virtual TouristUITests.xctest */;
			productType = "com.apple.product-type.bundle.ui-testing";
		};
/* End PBXNativeTarget section */

/* Begin PBXProject section */
		7D7656331CB333C000A7279B /* Project object */ = {
			isa = PBXProject;
			attributes = {
				LastSwiftUpdateCheck = 0720;
				LastUpgradeCheck = 0720;
				ORGANIZATIONNAME = flp;
				TargetAttributes = {
					7D76563A1CB333C000A7279B = {
						CreatedOnToolsVersion = 7.2.1;
						DevelopmentTeam = 9EBPZM292G;
					};
					7D76564E1CB333C000A7279B = {
						CreatedOnToolsVersion = 7.2.1;
						TestTargetID = 7D76563A1CB333C000A7279B;
					};
					7D7656591CB333C000A7279B = {
						CreatedOnToolsVersion = 7.2.1;
						TestTargetID = 7D76563A1CB333C000A7279B;
					};
				};
			};
			buildConfigurationList = 7D7656361CB333C000A7279B /* Build configuration list for PBXProject "Virtual Tourist" */;
			compatibilityVersion = "Xcode 3.2";
			developmentRegion = English;
			hasScannedForEncodings = 0;
			knownRegions = (
				en,
				Base,
			);
			mainGroup = 7D7656321CB333C000A7279B;
			productRefGroup = 7D76563C1CB333C000A7279B /* Products */;
			projectDirPath = "";
			projectRoot = "";
			targets = (
				7D76563A1CB333C000A7279B /* Virtual Tourist */,
				7D76564E1CB333C000A7279B /* Virtual TouristTests */,
				7D7656591CB333C000A7279B /* Virtual TouristUITests */,
			);
		};
/* End PBXProject section */

/* Begin PBXResourcesBuildPhase section */
		7D7656391CB333C000A7279B /* Resources */ = {
			isa = PBXResourcesBuildPhase;
			buildActionMask = 2147483647;
			files = (
				7D7656491CB333C000A7279B /* LaunchScreen.storyboard in Resources */,
				7D7656461CB333C000A7279B /* Assets.xcassets in Resources */,
				7D7656441CB333C000A7279B /* Main.storyboard in Resources */,
			);
			runOnlyForDeploymentPostprocessing = 0;
		};
		7D76564D1CB333C000A7279B /* Resources */ = {
			isa = PBXResourcesBuildPhase;
			buildActionMask = 2147483647;
			files = (
			);
			runOnlyForDeploymentPostprocessing = 0;
		};
		7D7656581CB333C000A7279B /* Resources */ = {
			isa = PBXResourcesBuildPhase;
			buildActionMask = 2147483647;
			files = (
			);
			runOnlyForDeploymentPostprocessing = 0;
		};
/* End PBXResourcesBuildPhase section */

/* Begin PBXSourcesBuildPhase section */
		7D7656371CB333C000A7279B /* Sources */ = {
			isa = PBXSourcesBuildPhase;
			buildActionMask = 2147483647;
			files = (
				7DEE29721CC5D048004F7062 /* ImageStore.swift in Sources */,
				7D7656791CBC45F500A7279B /* FlickrConstants.swift in Sources */,
				7D7656411CB333C000A7279B /* ViewController.swift in Sources */,
				7D76563F1CB333C000A7279B /* AppDelegate.swift in Sources */,
				7D76567B1CBC643400A7279B /* PhotoAlbumViewController.swift in Sources */,
				7D76567F1CBC797900A7279B /* Photo.swift in Sources */,
				7D7656731CBAF55E00A7279B /* Model.xcdatamodeld in Sources */,
				7D76566D1CBAEF8100A7279B /* CoreDataStackManager.swift in Sources */,
				7D7656701CBAF3F000A7279B /* Pin.swift in Sources */,
				7D7656771CBC45E600A7279B /* FlickrClient.swift in Sources */,
				7D7656811CBC7A7000A7279B /* PhotoCollectionViewCell.swift in Sources */,
			);
			runOnlyForDeploymentPostprocessing = 0;
		};
		7D76564B1CB333C000A7279B /* Sources */ = {
			isa = PBXSourcesBuildPhase;
			buildActionMask = 2147483647;
			files = (
				7D7656541CB333C000A7279B /* Virtual_TouristTests.swift in Sources */,
			);
			runOnlyForDeploymentPostprocessing = 0;
		};
		7D7656561CB333C000A7279B /* Sources */ = {
			isa = PBXSourcesBuildPhase;
			buildActionMask = 2147483647;
			files = (
				7D76565F1CB333C000A7279B /* Virtual_TouristUITests.swift in Sources */,
			);
			runOnlyForDeploymentPostprocessing = 0;
		};
/* End PBXSourcesBuildPhase section */

/* Begin PBXTargetDependency section */
		7D7656511CB333C000A7279B /* PBXTargetDependency */ = {
			isa = PBXTargetDependency;
			target = 7D76563A1CB333C000A7279B /* Virtual Tourist */;
			targetProxy = 7D7656501CB333C000A7279B /* PBXContainerItemProxy */;
		};
		7D76565C1CB333C000A7279B /* PBXTargetDependency */ = {
			isa = PBXTargetDependency;
			target = 7D76563A1CB333C000A7279B /* Virtual Tourist */;
			targetProxy = 7D76565B1CB333C000A7279B /* PBXContainerItemProxy */;
		};
/* End PBXTargetDependency section */

/* Begin PBXVariantGroup section */
		7D7656421CB333C000A7279B /* Main.storyboard */ = {
			isa = PBXVariantGroup;
			children = (
				7D7656431CB333C000A7279B /* Base */,
			);
			name = Main.storyboard;
			sourceTree = "<group>";
		};
		7D7656471CB333C000A7279B /* LaunchScreen.storyboard */ = {
			isa = PBXVariantGroup;
			children = (
				7D7656481CB333C000A7279B /* Base */,
			);
			name = LaunchScreen.storyboard;
			sourceTree = "<group>";
		};
/* End PBXVariantGroup section */

/* Begin XCBuildConfiguration section */
		7D7656611CB333C000A7279B /* Debug */ = {
			isa = XCBuildConfiguration;
			buildSettings = {
				ALWAYS_SEARCH_USER_PATHS = NO;
				CLANG_CXX_LANGUAGE_STANDARD = "gnu++0x";
				CLANG_CXX_LIBRARY = "libc++";
				CLANG_ENABLE_MODULES = YES;
				CLANG_ENABLE_OBJC_ARC = YES;
				CLANG_WARN_BOOL_CONVERSION = YES;
				CLANG_WARN_CONSTANT_CONVERSION = YES;
				CLANG_WARN_DIRECT_OBJC_ISA_USAGE = YES_ERROR;
				CLANG_WARN_EMPTY_BODY = YES;
				CLANG_WARN_ENUM_CONVERSION = YES;
				CLANG_WARN_INT_CONVERSION = YES;
				CLANG_WARN_OBJC_ROOT_CLASS = YES_ERROR;
				CLANG_WARN_UNREACHABLE_CODE = YES;
				CLANG_WARN__DUPLICATE_METHOD_MATCH = YES;
				"CODE_SIGN_IDENTITY[sdk=iphoneos*]" = "iPhone Developer";
				COPY_PHASE_STRIP = NO;
				DEBUG_INFORMATION_FORMAT = dwarf;
				ENABLE_STRICT_OBJC_MSGSEND = YES;
				ENABLE_TESTABILITY = YES;
				GCC_C_LANGUAGE_STANDARD = gnu99;
				GCC_DYNAMIC_NO_PIC = NO;
				GCC_NO_COMMON_BLOCKS = YES;
				GCC_OPTIMIZATION_LEVEL = 0;
				GCC_PREPROCESSOR_DEFINITIONS = (
					"DEBUG=1",
					"$(inherited)",
				);
				GCC_WARN_64_TO_32_BIT_CONVERSION = YES;
				GCC_WARN_ABOUT_RETURN_TYPE = YES_ERROR;
				GCC_WARN_UNDECLARED_SELECTOR = YES;
				GCC_WARN_UNINITIALIZED_AUTOS = YES_AGGRESSIVE;
				GCC_WARN_UNUSED_FUNCTION = YES;
				GCC_WARN_UNUSED_VARIABLE = YES;
				IPHONEOS_DEPLOYMENT_TARGET = 9.2;
				MTL_ENABLE_DEBUG_INFO = YES;
				ONLY_ACTIVE_ARCH = YES;
				SDKROOT = iphoneos;
				SWIFT_OPTIMIZATION_LEVEL = "-Onone";
			};
			name = Debug;
		};
		7D7656621CB333C000A7279B /* Release */ = {
			isa = XCBuildConfiguration;
			buildSettings = {
				ALWAYS_SEARCH_USER_PATHS = NO;
				CLANG_CXX_LANGUAGE_STANDARD = "gnu++0x";
				CLANG_CXX_LIBRARY = "libc++";
				CLANG_ENABLE_MODULES = YES;
				CLANG_ENABLE_OBJC_ARC = YES;
				CLANG_WARN_BOOL_CONVERSION = YES;
				CLANG_WARN_CONSTANT_CONVERSION = YES;
				CLANG_WARN_DIRECT_OBJC_ISA_USAGE = YES_ERROR;
				CLANG_WARN_EMPTY_BODY = YES;
				CLANG_WARN_ENUM_CONVERSION = YES;
				CLANG_WARN_INT_CONVERSION = YES;
				CLANG_WARN_OBJC_ROOT_CLASS = YES_ERROR;
				CLANG_WARN_UNREACHABLE_CODE = YES;
				CLANG_WARN__DUPLICATE_METHOD_MATCH = YES;
				"CODE_SIGN_IDENTITY[sdk=iphoneos*]" = "iPhone Developer";
				COPY_PHASE_STRIP = NO;
				DEBUG_INFORMATION_FORMAT = "dwarf-with-dsym";
				ENABLE_NS_ASSERTIONS = NO;
				ENABLE_STRICT_OBJC_MSGSEND = YES;
				GCC_C_LANGUAGE_STANDARD = gnu99;
				GCC_NO_COMMON_BLOCKS = YES;
				GCC_WARN_64_TO_32_BIT_CONVERSION = YES;
				GCC_WARN_ABOUT_RETURN_TYPE = YES_ERROR;
				GCC_WARN_UNDECLARED_SELECTOR = YES;
				GCC_WARN_UNINITIALIZED_AUTOS = YES_AGGRESSIVE;
				GCC_WARN_UNUSED_FUNCTION = YES;
				GCC_WARN_UNUSED_VARIABLE = YES;
				IPHONEOS_DEPLOYMENT_TARGET = 9.2;
				MTL_ENABLE_DEBUG_INFO = NO;
				SDKROOT = iphoneos;
				VALIDATE_PRODUCT = YES;
			};
			name = Release;
		};
		7D7656641CB333C000A7279B /* Debug */ = {
			isa = XCBuildConfiguration;
			buildSettings = {
				ASSETCATALOG_COMPILER_APPICON_NAME = AppIcon;
				CODE_SIGN_IDENTITY = "iPhone Developer";
				"CODE_SIGN_IDENTITY[sdk=iphoneos*]" = "iPhone Developer";
				INFOPLIST_FILE = "Virtual Tourist/Info.plist";
				LD_RUNPATH_SEARCH_PATHS = "$(inherited) @executable_path/Frameworks";
				PRODUCT_BUNDLE_IDENTIFIER = "com.flp.Virtual-Tourist";
				PRODUCT_NAME = "$(TARGET_NAME)";
				PROVISIONING_PROFILE = "";
			};
			name = Debug;
		};
		7D7656651CB333C000A7279B /* Release */ = {
			isa = XCBuildConfiguration;
			buildSettings = {
				ASSETCATALOG_COMPILER_APPICON_NAME = AppIcon;
				CODE_SIGN_IDENTITY = "iPhone Developer";
				"CODE_SIGN_IDENTITY[sdk=iphoneos*]" = "iPhone Developer";
				INFOPLIST_FILE = "Virtual Tourist/Info.plist";
				LD_RUNPATH_SEARCH_PATHS = "$(inherited) @executable_path/Frameworks";
				PRODUCT_BUNDLE_IDENTIFIER = "com.flp.Virtual-Tourist";
				PRODUCT_NAME = "$(TARGET_NAME)";
				PROVISIONING_PROFILE = "";
			};
			name = Release;
		};
		7D7656671CB333C000A7279B /* Debug */ = {
			isa = XCBuildConfiguration;
			buildSettings = {
				BUNDLE_LOADER = "$(TEST_HOST)";
				INFOPLIST_FILE = "Virtual TouristTests/Info.plist";
				LD_RUNPATH_SEARCH_PATHS = "$(inherited) @executable_path/Frameworks @loader_path/Frameworks";
				PRODUCT_BUNDLE_IDENTIFIER = "com.flp.Virtual-TouristTests";
				PRODUCT_NAME = "$(TARGET_NAME)";
				TEST_HOST = "$(BUILT_PRODUCTS_DIR)/Virtual Tourist.app/Virtual Tourist";
			};
			name = Debug;
		};
		7D7656681CB333C000A7279B /* Release */ = {
			isa = XCBuildConfiguration;
			buildSettings = {
				BUNDLE_LOADER = "$(TEST_HOST)";
				INFOPLIST_FILE = "Virtual TouristTests/Info.plist";
				LD_RUNPATH_SEARCH_PATHS = "$(inherited) @executable_path/Frameworks @loader_path/Frameworks";
				PRODUCT_BUNDLE_IDENTIFIER = "com.flp.Virtual-TouristTests";
				PRODUCT_NAME = "$(TARGET_NAME)";
				TEST_HOST = "$(BUILT_PRODUCTS_DIR)/Virtual Tourist.app/Virtual Tourist";
			};
			name = Release;
		};
		7D76566A1CB333C000A7279B /* Debug */ = {
			isa = XCBuildConfiguration;
			buildSettings = {
				INFOPLIST_FILE = "Virtual TouristUITests/Info.plist";
				LD_RUNPATH_SEARCH_PATHS = "$(inherited) @executable_path/Frameworks @loader_path/Frameworks";
				PRODUCT_BUNDLE_IDENTIFIER = "com.flp.Virtual-TouristUITests";
				PRODUCT_NAME = "$(TARGET_NAME)";
				TEST_TARGET_NAME = "Virtual Tourist";
				USES_XCTRUNNER = YES;
			};
			name = Debug;
		};
		7D76566B1CB333C000A7279B /* Release */ = {
			isa = XCBuildConfiguration;
			buildSettings = {
				INFOPLIST_FILE = "Virtual TouristUITests/Info.plist";
				LD_RUNPATH_SEARCH_PATHS = "$(inherited) @executable_path/Frameworks @loader_path/Frameworks";
				PRODUCT_BUNDLE_IDENTIFIER = "com.flp.Virtual-TouristUITests";
				PRODUCT_NAME = "$(TARGET_NAME)";
				TEST_TARGET_NAME = "Virtual Tourist";
				USES_XCTRUNNER = YES;
			};
			name = Release;
		};
/* End XCBuildConfiguration section */

/* Begin XCConfigurationList section */
		7D7656361CB333C000A7279B /* Build configuration list for PBXProject "Virtual Tourist" */ = {
			isa = XCConfigurationList;
			buildConfigurations = (
				7D7656611CB333C000A7279B /* Debug */,
				7D7656621CB333C000A7279B /* Release */,
			);
			defaultConfigurationIsVisible = 0;
			defaultConfigurationName = Release;
		};
		7D7656631CB333C000A7279B /* Build configuration list for PBXNativeTarget "Virtual Tourist" */ = {
			isa = XCConfigurationList;
			buildConfigurations = (
				7D7656641CB333C000A7279B /* Debug */,
				7D7656651CB333C000A7279B /* Release */,
			);
			defaultConfigurationIsVisible = 0;
			defaultConfigurationName = Release;
		};
		7D7656661CB333C000A7279B /* Build configuration list for PBXNativeTarget "Virtual TouristTests" */ = {
			isa = XCConfigurationList;
			buildConfigurations = (
				7D7656671CB333C000A7279B /* Debug */,
				7D7656681CB333C000A7279B /* Release */,
			);
			defaultConfigurationIsVisible = 0;
			defaultConfigurationName = Release;
		};
		7D7656691CB333C000A7279B /* Build configuration list for PBXNativeTarget "Virtual TouristUITests" */ = {
			isa = XCConfigurationList;
			buildConfigurations = (
				7D76566A1CB333C000A7279B /* Debug */,
				7D76566B1CB333C000A7279B /* Release */,
			);
			defaultConfigurationIsVisible = 0;
			defaultConfigurationName = Release;
		};
/* End XCConfigurationList section */

/* Begin XCVersionGroup section */
		7D7656711CBAF55E00A7279B /* Model.xcdatamodeld */ = {
			isa = XCVersionGroup;
			children = (
				7D7656721CBAF55E00A7279B /* Model.xcdatamodel */,
			);
			currentVersion = 7D7656721CBAF55E00A7279B /* Model.xcdatamodel */;
			path = Model.xcdatamodeld;
			sourceTree = "<group>";
			versionGroupType = wrapper.xcdatamodel;
		};
/* End XCVersionGroup section */
	};
	rootObject = 7D7656331CB333C000A7279B /* Project object */;
}
